
Microsoft Visual Studio Solution File, Format Version 12.00
# Visual Studio 15
VisualStudioVersion = 15.0.27703.2000
MinimumVisualStudioVersion = 10.0.40219.1
Project("{9A19103F-16F7-4668-BE54-9A1E7A4F7556}") = "Goals.API", "Goals.API\Goals.API.csproj", "{FE9FC583-E7F7-47D1-884A-13A7D76C5913}"
EndProject
Project("{2150E333-8FDC-42A3-9474-1A3956D46DE8}") = "src", "src", "{5AFFD5BD-4C05-4DD5-B27D-B5F9B8D6C738}"
EndProject
Project("{2150E333-8FDC-42A3-9474-1A3956D46DE8}") = "Services", "Services", "{5C26AC7D-F78D-47D8-8A78-54B44515890F}"
EndProject
Project("{2150E333-8FDC-42A3-9474-1A3956D46DE8}") = "test", "test", "{9F96FF3F-3A66-4406-AA81-4D00D8D73F25}"
EndProject
Project("{2150E333-8FDC-42A3-9474-1A3956D46DE8}") = "Services", "Services", "{75CD4F51-FB7D-4C5F-BC5D-2F90E92EB70B}"
EndProject
Project("{FAE04EC0-301F-11D3-BF4B-00C04F79EFBC}") = "IntegrationTest", "IntegrationTest\IntegrationTest.csproj", "{1AFA30E7-EE32-4781-9ACB-679F3C57E4DA}"
EndProject
Project("{2150E333-8FDC-42A3-9474-1A3956D46DE8}") = "Goals", "Goals", "{C7A91F07-9EEE-485D-AFB0-5EAEA5E7FEA3}"
EndProject
Global
	GlobalSection(SolutionConfigurationPlatforms) = preSolution
		Debug|Any CPU = Debug|Any CPU
		Release|Any CPU = Release|Any CPU
	EndGlobalSection
	GlobalSection(ProjectConfigurationPlatforms) = postSolution
		{FE9FC583-E7F7-47D1-884A-13A7D76C5913}.Debug|Any CPU.ActiveCfg = Debug|Any CPU
		{FE9FC583-E7F7-47D1-884A-13A7D76C5913}.Debug|Any CPU.Build.0 = Debug|Any CPU
		{FE9FC583-E7F7-47D1-884A-13A7D76C5913}.Release|Any CPU.ActiveCfg = Release|Any CPU
		{FE9FC583-E7F7-47D1-884A-13A7D76C5913}.Release|Any CPU.Build.0 = Release|Any CPU
		{1AFA30E7-EE32-4781-9ACB-679F3C57E4DA}.Debug|Any CPU.ActiveCfg = Debug|Any CPU
		{1AFA30E7-EE32-4781-9ACB-679F3C57E4DA}.Debug|Any CPU.Build.0 = Debug|Any CPU
		{1AFA30E7-EE32-4781-9ACB-679F3C57E4DA}.Release|Any CPU.ActiveCfg = Release|Any CPU
		{1AFA30E7-EE32-4781-9ACB-679F3C57E4DA}.Release|Any CPU.Build.0 = Release|Any CPU
	EndGlobalSection
	GlobalSection(SolutionProperties) = preSolution
		HideSolutionNode = FALSE
	EndGlobalSection
	GlobalSection(NestedProjects) = preSolution
		{FE9FC583-E7F7-47D1-884A-13A7D76C5913} = {C7A91F07-9EEE-485D-AFB0-5EAEA5E7FEA3}
		{5C26AC7D-F78D-47D8-8A78-54B44515890F} = {5AFFD5BD-4C05-4DD5-B27D-B5F9B8D6C738}
		{75CD4F51-FB7D-4C5F-BC5D-2F90E92EB70B} = {9F96FF3F-3A66-4406-AA81-4D00D8D73F25}
		{1AFA30E7-EE32-4781-9ACB-679F3C57E4DA} = {75CD4F51-FB7D-4C5F-BC5D-2F90E92EB70B}
		{C7A91F07-9EEE-485D-AFB0-5EAEA5E7FEA3} = {5C26AC7D-F78D-47D8-8A78-54B44515890F}
	EndGlobalSection
	GlobalSection(ExtensibilityGlobals) = postSolution
		SolutionGuid = {1B2C5742-4763-4A1F-9F38-6936EB75698D}
	EndGlobalSection
EndGlobal
