
Microsoft Visual Studio Solution File, Format Version 12.00
# Visual Studio 15
VisualStudioVersion = 15.0.27703.2000
MinimumVisualStudioVersion = 10.0.40219.1
Project("{2150E333-8FDC-42A3-9474-1A3956D46DE8}") = "src", "src", "{5AFFD5BD-4C05-4DD5-B27D-B5F9B8D6C738}"
EndProject
Project("{2150E333-8FDC-42A3-9474-1A3956D46DE8}") = "Services", "Services", "{5C26AC7D-F78D-47D8-8A78-54B44515890F}"
EndProject
Project("{2150E333-8FDC-42A3-9474-1A3956D46DE8}") = "test", "test", "{9F96FF3F-3A66-4406-AA81-4D00D8D73F25}"
EndProject
Project("{2150E333-8FDC-42A3-9474-1A3956D46DE8}") = "Services", "Services", "{75CD4F51-FB7D-4C5F-BC5D-2F90E92EB70B}"
EndProject
Project("{2150E333-8FDC-42A3-9474-1A3956D46DE8}") = "Goals", "Goals", "{C7A91F07-9EEE-485D-AFB0-5EAEA5E7FEA3}"
EndProject
Project("{9A19103F-16F7-4668-BE54-9A1E7A4F7556}") = "Goals.API", "src\Services\Goals\Goals.API\Goals.API.csproj", "{85A32C81-9599-478D-BB41-4194193C04B6}"
EndProject
Project("{9A19103F-16F7-4668-BE54-9A1E7A4F7556}") = "IntegrationTest", "test\Services\IntegrationTest\IntegrationTest.csproj", "{B67547FD-43A8-4030-A780-9ED4CA85ED04}"
EndProject
Project("{2150E333-8FDC-42A3-9474-1A3956D46DE8}") = "Web App", "Web App", "{6D21BDC6-CAE7-4954-9513-DBAD4B9FE390}"
EndProject
Project("{FAE04EC0-301F-11D3-BF4B-00C04F79EFBC}") = "WebMVC", "src\Web\WebMVC\WebMVC.csproj", "{DEA074A3-A70A-4856-8CBB-5B863FD16D25}"
EndProject
Global
	GlobalSection(SolutionConfigurationPlatforms) = preSolution
		Debug|Any CPU = Debug|Any CPU
		Release|Any CPU = Release|Any CPU
	EndGlobalSection
	GlobalSection(ProjectConfigurationPlatforms) = postSolution
		{85A32C81-9599-478D-BB41-4194193C04B6}.Debug|Any CPU.ActiveCfg = Debug|Any CPU
		{85A32C81-9599-478D-BB41-4194193C04B6}.Debug|Any CPU.Build.0 = Debug|Any CPU
		{85A32C81-9599-478D-BB41-4194193C04B6}.Release|Any CPU.ActiveCfg = Release|Any CPU
		{85A32C81-9599-478D-BB41-4194193C04B6}.Release|Any CPU.Build.0 = Release|Any CPU
		{B67547FD-43A8-4030-A780-9ED4CA85ED04}.Debug|Any CPU.ActiveCfg = Debug|Any CPU
		{B67547FD-43A8-4030-A780-9ED4CA85ED04}.Debug|Any CPU.Build.0 = Debug|Any CPU
		{B67547FD-43A8-4030-A780-9ED4CA85ED04}.Release|Any CPU.ActiveCfg = Release|Any CPU
		{B67547FD-43A8-4030-A780-9ED4CA85ED04}.Release|Any CPU.Build.0 = Release|Any CPU
		{DEA074A3-A70A-4856-8CBB-5B863FD16D25}.Debug|Any CPU.ActiveCfg = Debug|Any CPU
		{DEA074A3-A70A-4856-8CBB-5B863FD16D25}.Debug|Any CPU.Build.0 = Debug|Any CPU
		{DEA074A3-A70A-4856-8CBB-5B863FD16D25}.Release|Any CPU.ActiveCfg = Release|Any CPU
		{DEA074A3-A70A-4856-8CBB-5B863FD16D25}.Release|Any CPU.Build.0 = Release|Any CPU
	EndGlobalSection
	GlobalSection(SolutionProperties) = preSolution
		HideSolutionNode = FALSE
	EndGlobalSection
	GlobalSection(NestedProjects) = preSolution
		{5C26AC7D-F78D-47D8-8A78-54B44515890F} = {5AFFD5BD-4C05-4DD5-B27D-B5F9B8D6C738}
		{75CD4F51-FB7D-4C5F-BC5D-2F90E92EB70B} = {9F96FF3F-3A66-4406-AA81-4D00D8D73F25}
		{C7A91F07-9EEE-485D-AFB0-5EAEA5E7FEA3} = {5C26AC7D-F78D-47D8-8A78-54B44515890F}
		{85A32C81-9599-478D-BB41-4194193C04B6} = {C7A91F07-9EEE-485D-AFB0-5EAEA5E7FEA3}
		{B67547FD-43A8-4030-A780-9ED4CA85ED04} = {75CD4F51-FB7D-4C5F-BC5D-2F90E92EB70B}
		{6D21BDC6-CAE7-4954-9513-DBAD4B9FE390} = {5AFFD5BD-4C05-4DD5-B27D-B5F9B8D6C738}
		{DEA074A3-A70A-4856-8CBB-5B863FD16D25} = {6D21BDC6-CAE7-4954-9513-DBAD4B9FE390}
	EndGlobalSection
	GlobalSection(ExtensibilityGlobals) = postSolution
		SolutionGuid = {1B2C5742-4763-4A1F-9F38-6936EB75698D}
	EndGlobalSection
EndGlobal
